
Microsoft Visual Studio Solution File, Format Version 12.00
# Visual Studio Version 16
VisualStudioVersion = 16.0.31911.196
MinimumVisualStudioVersion = 10.0.40219.1
Project("{FAE04EC0-301F-11D3-BF4B-00C04F79EFBC}") = "Задание22", "Задание22\Задание22.csproj", "{34AC057D-283B-4C3A-A6D6-1B8724983BDD}"
EndProject
Global
	GlobalSection(SolutionConfigurationPlatforms) = preSolution
		Debug|Any CPU = Debug|Any CPU
		Release|Any CPU = Release|Any CPU
	EndGlobalSection
	GlobalSection(ProjectConfigurationPlatforms) = postSolution
		{34AC057D-283B-4C3A-A6D6-1B8724983BDD}.Debug|Any CPU.ActiveCfg = Debug|Any CPU
		{34AC057D-283B-4C3A-A6D6-1B8724983BDD}.Debug|Any CPU.Build.0 = Debug|Any CPU
		{34AC057D-283B-4C3A-A6D6-1B8724983BDD}.Release|Any CPU.ActiveCfg = Release|Any CPU
		{34AC057D-283B-4C3A-A6D6-1B8724983BDD}.Release|Any CPU.Build.0 = Release|Any CPU
	EndGlobalSection
	GlobalSection(SolutionProperties) = preSolution
		HideSolutionNode = FALSE
	EndGlobalSection
	GlobalSection(ExtensibilityGlobals) = postSolution
		SolutionGuid = {76FF6FFB-A6B5-47D3-89FD-D1482D92AF23}
	EndGlobalSection
EndGlobal
